Microsoft Visual Studio Solution File, Format Version 12.00
# Visual Studio Version 17
VisualStudioVersion = 17.0.31903.59
MinimumVisualStudioVersion = 10.0.40219.1
Project("{9A19103F-16F7-4668-BE54-9A1E7A4F7556}") = "FilenameSanitizer", "FilenameSanitizer\FilenameSanitizer.csproj", "{90830A64-04D3-4040-B6E0-838F91B6E51E}"
EndProject
Project("{9A19103F-16F7-4668-BE54-9A1E7A4F7556}") = "FilenameSanitizer.Tests", "FilenameSanitizer.Tests\FilenameSanitizer.Tests.csproj", "{GUID-WILL-STAY-THE-SAME}"
EndProject
Global
	GlobalSection(SolutionConfigurationPlatforms) = preSolution
		Debug|Any CPU = Debug|Any CPU
		Debug|x64 = Debug|x64
		Debug|x86 = Debug|x86
		Release|Any CPU = Release|Any CPU
		Release|x64 = Release|x64
		Release|x86 = Release|x86
	EndGlobalSection
	GlobalSection(ProjectConfigurationPlatforms) = postSolution
		{90830A64-04D3-4040-B6E0-838F91B6E51E}.Debug|Any CPU.ActiveCfg = Debug|Any CPU
		{90830A64-04D3-4040-B6E0-838F91B6E51E}.Debug|Any CPU.Build.0 = Debug|Any CPU
		{90830A64-04D3-4040-B6E0-838F91B6E51E}.Debug|x64.ActiveCfg = Debug|Any CPU
		{90830A64-04D3-4040-B6E0-838F91B6E51E}.Debug|x64.Build.0 = Debug|Any CPU
		{90830A64-04D3-4040-B6E0-838F91B6E51E}.Debug|x86.ActiveCfg = Debug|Any CPU
		{90830A64-04D3-4040-B6E0-838F91B6E51E}.Debug|x86.Build.0 = Debug|Any CPU
		{90830A64-04D3-4040-B6E0-838F91B6E51E}.Release|Any CPU.ActiveCfg = Release|Any CPU
		{90830A64-04D3-4040-B6E0-838F91B6E51E}.Release|Any CPU.Build.0 = Release|Any CPU
		{90830A64-04D3-4040-B6E0-838F91B6E51E}.Release|x64.ActiveCfg = Release|Any CPU
		{90830A64-04D3-4040-B6E0-838F91B6E51E}.Release|x64.Build.0 = Release|Any CPU
		{90830A64-04D3-4040-B6E0-838F91B6E51E}.Release|x86.ActiveCfg = Release|Any CPU
		{90830A64-04D3-4040-B6E0-838F91B6E51E}.Release|x86.Build.0 = Release|Any CPU
		{GUID-WILL-STAY-THE-SAME}.Debug|Any CPU.ActiveCfg = Debug|Any CPU
		{GUID-WILL-STAY-THE-SAME}.Debug|Any CPU.Build.0 = Debug|Any CPU
		{GUID-WILL-STAY-THE-SAME}.Debug|x64.ActiveCfg = Debug|Any CPU
		{GUID-WILL-STAY-THE-SAME}.Debug|x64.Build.0 = Debug|Any CPU
		{GUID-WILL-STAY-THE-SAME}.Debug|x86.ActiveCfg = Debug|Any CPU
		{GUID-WILL-STAY-THE-SAME}.Debug|x86.Build.0 = Debug|Any CPU
		{GUID-WILL-STAY-THE-SAME}.Release|Any CPU.ActiveCfg = Release|Any CPU
		{GUID-WILL-STAY-THE-SAME}.Release|Any CPU.Build.0 = Release|Any CPU
		{GUID-WILL-STAY-THE-SAME}.Release|x64.ActiveCfg = Release|Any CPU
		{GUID-WILL-STAY-THE-SAME}.Release|x64.Build.0 = Release|Any CPU
		{GUID-WILL-STAY-THE-SAME}.Release|x86.ActiveCfg = Release|Any CPU
		{GUID-WILL-STAY-THE-SAME}.Release|x86.Build.0 = Release|Any CPU
	EndGlobalSection
	GlobalSection(SolutionProperties) = preSolution
		HideSolutionNode = FALSE
	EndGlobalSection
EndGlobal
